
Microsoft Visual Studio Solution File, Format Version 12.00
# Visual Studio 2012
Project("{FAE04EC0-301F-11D3-BF4B-00C04F79EFBC}") = "Shane.Church.Web.UI", "Shane.Church.Web.UI\Shane.Church.Web.UI.csproj", "{92DD5FEA-5308-4C32-B974-A69596BC716E}"
EndProject
Project("{FAE04EC0-301F-11D3-BF4B-00C04F79EFBC}") = "Shane.Church.Web.Data", "Shane.Church.Web.Data\Shane.Church.Web.Data.csproj", "{3F700FC4-7009-4A99-8AC5-BDCEDE3AB31A}"
EndProject
Project("{FAE04EC0-301F-11D3-BF4B-00C04F79EFBC}") = "Shane.Church.Web.Cloud.Azure", "Shane.Church.Web.Data.Azure\Shane.Church.Web.Cloud.Azure.csproj", "{F5603730-27D4-4CCC-BB7C-DAB5B6575C78}"
EndProject
Project("{FAE04EC0-301F-11D3-BF4B-00C04F79EFBC}") = "Shane.Church.Web.Cloud.AWS", "Shane.Church.Web.Data.AWS\Shane.Church.Web.Cloud.AWS.csproj", "{E67B35F4-36F8-47FF-9893-24F4159A0B42}"
EndProject
Project("{FAE04EC0-301F-11D3-BF4B-00C04F79EFBC}") = "MigrateS3ToAzure", "MigrateS3ToAzure\MigrateS3ToAzure.csproj", "{AF912BF4-AA64-4783-8759-88D6B079B3DA}"
EndProject
Project("{2150E333-8FDC-42A3-9474-1A3956D46DE8}") = "Migration", "Migration", "{7CDE1E7D-8FF5-4E64-919E-CDEBEE14BF03}"
EndProject
Project("{2150E333-8FDC-42A3-9474-1A3956D46DE8}") = "Data", "Data", "{4D944380-DF5B-4DF1-AC1C-33D24B35B0A6}"
EndProject
Project("{2150E333-8FDC-42A3-9474-1A3956D46DE8}") = "Web", "Web", "{38FD5065-7305-4933-BB73-2087A20D75E8}"
EndProject
Project("{2150E333-8FDC-42A3-9474-1A3956D46DE8}") = "Photo Gallery", "Photo Gallery", "{4B7C0485-91C8-4E93-BD26-651FE3D02268}"
EndProject
Project("{FAE04EC0-301F-11D3-BF4B-00C04F79EFBC}") = "Shane.Church.PhotoGallery.Publish", "Shane.Church.PhotoGallery.Publish\Shane.Church.PhotoGallery.Publish.csproj", "{C7727EFA-B33D-40D5-882E-FA40463D74B6}"
EndProject
Project("{FAE04EC0-301F-11D3-BF4B-00C04F79EFBC}") = "cs_Andr.Controls.VirtualEarth", "CS_Andr.Controls.VirtualEarth\cs_Andr.Controls.VirtualEarth.csproj", "{6683E862-3E95-4889-A812-9DCD666F32CB}"
EndProject
Project("{FAE04EC0-301F-11D3-BF4B-00C04F79EFBC}") = "Shane.Church.Web.Cloud", "Shane.Church.Cloud\Shane.Church.Web.Cloud.csproj", "{D4E190B0-06F9-41E4-823D-F3943D2FF091}"
EndProject
Project("{2150E333-8FDC-42A3-9474-1A3956D46DE8}") = "Cloud", "Cloud", "{66DEE620-AD19-4F21-9DD7-0E4A4FF712B3}"
EndProject
Project("{FAE04EC0-301F-11D3-BF4B-00C04F79EFBC}") = "Shane.Church.Web.Common", "Shane.Church.Web.Common\Shane.Church.Web.Common.csproj", "{F7EA4CBC-0B50-4FF2-AAE8-6C1C83BC66AE}"
EndProject
Project("{FAE04EC0-301F-11D3-BF4B-00C04F79EFBC}") = "Shane.Church.Web.v2012", "Shane.Church.Web.v2012\Shane.Church.Web.v2012.csproj", "{F72FEFC7-266F-4920-8C38-67D861763E2D}"
EndProject
Global
	GlobalSection(SolutionConfigurationPlatforms) = preSolution
		Debug|Any CPU = Debug|Any CPU
		Release|Any CPU = Release|Any CPU
	EndGlobalSection
	GlobalSection(ProjectConfigurationPlatforms) = postSolution
		{92DD5FEA-5308-4C32-B974-A69596BC716E}.Debug|Any CPU.ActiveCfg = Debug|Any CPU
		{92DD5FEA-5308-4C32-B974-A69596BC716E}.Debug|Any CPU.Build.0 = Debug|Any CPU
		{92DD5FEA-5308-4C32-B974-A69596BC716E}.Release|Any CPU.ActiveCfg = Release|Any CPU
		{92DD5FEA-5308-4C32-B974-A69596BC716E}.Release|Any CPU.Build.0 = Release|Any CPU
		{3F700FC4-7009-4A99-8AC5-BDCEDE3AB31A}.Debug|Any CPU.ActiveCfg = Debug|Any CPU
		{3F700FC4-7009-4A99-8AC5-BDCEDE3AB31A}.Debug|Any CPU.Build.0 = Debug|Any CPU
		{3F700FC4-7009-4A99-8AC5-BDCEDE3AB31A}.Release|Any CPU.ActiveCfg = Release|Any CPU
		{3F700FC4-7009-4A99-8AC5-BDCEDE3AB31A}.Release|Any CPU.Build.0 = Release|Any CPU
		{F5603730-27D4-4CCC-BB7C-DAB5B6575C78}.Debug|Any CPU.ActiveCfg = Debug|Any CPU
		{F5603730-27D4-4CCC-BB7C-DAB5B6575C78}.Debug|Any CPU.Build.0 = Debug|Any CPU
		{F5603730-27D4-4CCC-BB7C-DAB5B6575C78}.Release|Any CPU.ActiveCfg = Release|Any CPU
		{F5603730-27D4-4CCC-BB7C-DAB5B6575C78}.Release|Any CPU.Build.0 = Release|Any CPU
		{E67B35F4-36F8-47FF-9893-24F4159A0B42}.Debug|Any CPU.ActiveCfg = Debug|Any CPU
		{E67B35F4-36F8-47FF-9893-24F4159A0B42}.Debug|Any CPU.Build.0 = Debug|Any CPU
		{E67B35F4-36F8-47FF-9893-24F4159A0B42}.Release|Any CPU.ActiveCfg = Release|Any CPU
		{E67B35F4-36F8-47FF-9893-24F4159A0B42}.Release|Any CPU.Build.0 = Release|Any CPU
		{AF912BF4-AA64-4783-8759-88D6B079B3DA}.Debug|Any CPU.ActiveCfg = Debug|Any CPU
		{AF912BF4-AA64-4783-8759-88D6B079B3DA}.Debug|Any CPU.Build.0 = Debug|Any CPU
		{AF912BF4-AA64-4783-8759-88D6B079B3DA}.Release|Any CPU.ActiveCfg = Release|Any CPU
		{AF912BF4-AA64-4783-8759-88D6B079B3DA}.Release|Any CPU.Build.0 = Release|Any CPU
		{C7727EFA-B33D-40D5-882E-FA40463D74B6}.Debug|Any CPU.ActiveCfg = Debug|Any CPU
		{C7727EFA-B33D-40D5-882E-FA40463D74B6}.Debug|Any CPU.Build.0 = Debug|Any CPU
		{C7727EFA-B33D-40D5-882E-FA40463D74B6}.Release|Any CPU.ActiveCfg = Release|Any CPU
		{C7727EFA-B33D-40D5-882E-FA40463D74B6}.Release|Any CPU.Build.0 = Release|Any CPU
		{6683E862-3E95-4889-A812-9DCD666F32CB}.Debug|Any CPU.ActiveCfg = Debug|Any CPU
		{6683E862-3E95-4889-A812-9DCD666F32CB}.Debug|Any CPU.Build.0 = Debug|Any CPU
		{6683E862-3E95-4889-A812-9DCD666F32CB}.Release|Any CPU.ActiveCfg = Release|Any CPU
		{6683E862-3E95-4889-A812-9DCD666F32CB}.Release|Any CPU.Build.0 = Release|Any CPU
		{D4E190B0-06F9-41E4-823D-F3943D2FF091}.Debug|Any CPU.ActiveCfg = Debug|Any CPU
		{D4E190B0-06F9-41E4-823D-F3943D2FF091}.Debug|Any CPU.Build.0 = Debug|Any CPU
		{D4E190B0-06F9-41E4-823D-F3943D2FF091}.Release|Any CPU.ActiveCfg = Release|Any CPU
		{D4E190B0-06F9-41E4-823D-F3943D2FF091}.Release|Any CPU.Build.0 = Release|Any CPU
		{F7EA4CBC-0B50-4FF2-AAE8-6C1C83BC66AE}.Debug|Any CPU.ActiveCfg = Debug|Any CPU
		{F7EA4CBC-0B50-4FF2-AAE8-6C1C83BC66AE}.Debug|Any CPU.Build.0 = Debug|Any CPU
		{F7EA4CBC-0B50-4FF2-AAE8-6C1C83BC66AE}.Release|Any CPU.ActiveCfg = Release|Any CPU
		{F7EA4CBC-0B50-4FF2-AAE8-6C1C83BC66AE}.Release|Any CPU.Build.0 = Release|Any CPU
		{F72FEFC7-266F-4920-8C38-67D861763E2D}.Debug|Any CPU.ActiveCfg = Debug|Any CPU
		{F72FEFC7-266F-4920-8C38-67D861763E2D}.Debug|Any CPU.Build.0 = Debug|Any CPU
		{F72FEFC7-266F-4920-8C38-67D861763E2D}.Release|Any CPU.ActiveCfg = Release|Any CPU
		{F72FEFC7-266F-4920-8C38-67D861763E2D}.Release|Any CPU.Build.0 = Release|Any CPU
	EndGlobalSection
	GlobalSection(SolutionProperties) = preSolution
		HideSolutionNode = FALSE
	EndGlobalSection
	GlobalSection(NestedProjects) = preSolution
		{92DD5FEA-5308-4C32-B974-A69596BC716E} = {38FD5065-7305-4933-BB73-2087A20D75E8}
		{F72FEFC7-266F-4920-8C38-67D861763E2D} = {38FD5065-7305-4933-BB73-2087A20D75E8}
		{3F700FC4-7009-4A99-8AC5-BDCEDE3AB31A} = {4D944380-DF5B-4DF1-AC1C-33D24B35B0A6}
		{F7EA4CBC-0B50-4FF2-AAE8-6C1C83BC66AE} = {4D944380-DF5B-4DF1-AC1C-33D24B35B0A6}
		{E67B35F4-36F8-47FF-9893-24F4159A0B42} = {66DEE620-AD19-4F21-9DD7-0E4A4FF712B3}
		{D4E190B0-06F9-41E4-823D-F3943D2FF091} = {66DEE620-AD19-4F21-9DD7-0E4A4FF712B3}
		{F5603730-27D4-4CCC-BB7C-DAB5B6575C78} = {66DEE620-AD19-4F21-9DD7-0E4A4FF712B3}
		{AF912BF4-AA64-4783-8759-88D6B079B3DA} = {7CDE1E7D-8FF5-4E64-919E-CDEBEE14BF03}
		{C7727EFA-B33D-40D5-882E-FA40463D74B6} = {4B7C0485-91C8-4E93-BD26-651FE3D02268}
		{6683E862-3E95-4889-A812-9DCD666F32CB} = {4B7C0485-91C8-4E93-BD26-651FE3D02268}
	EndGlobalSection
	GlobalSection(ExtensibilityGlobals) = postSolution
		EnterpriseLibraryConfigurationToolBinariesPath = packages\Unity.2.1.505.2\lib\NET35
	EndGlobalSection
EndGlobal
